// !$*UTF8*$!
{
	archiveVersion = 1;
	classes = {
	};
	objectVersion = 46;
	objects = {

/* Begin PBXBuildFile section */
		BF94E67B1DF95E78001E3ABD /* AppDelegate.swift in Sources */ = {isa = PBXBuildFile; fileRef = BF94E67A1DF95E78001E3ABD /* AppDelegate.swift */; };
		BF94E67D1DF95E78001E3ABD /* ViewController.swift in Sources */ = {isa = PBXBuildFile; fileRef = BF94E67C1DF95E78001E3ABD /* ViewController.swift */; };
		BF94E6801DF95E78001E3ABD /* Main.storyboard in Resources */ = {isa = PBXBuildFile; fileRef = BF94E67E1DF95E78001E3ABD /* Main.storyboard */; };
		BF94E6821DF95E78001E3ABD /* Assets.xcassets in Resources */ = {isa = PBXBuildFile; fileRef = BF94E6811DF95E78001E3ABD /* Assets.xcassets */; };
		BF94E6851DF95E78001E3ABD /* LaunchScreen.storyboard in Resources */ = {isa = PBXBuildFile; fileRef = BF94E6831DF95E78001E3ABD /* LaunchScreen.storyboard */; };
		F2E4E1558A6E07C5493034A4 /* Pods_AWS_SNS_Sample.framework in Frameworks */ = {isa = PBXBuildFile; fileRef = 0A4C28DF7D0A05B0BD469872 /* Pods_AWS_SNS_Sample.framework */; };
/* End PBXBuildFile section */

/* Begin PBXFileReference section */
		0A4C28DF7D0A05B0BD469872 /* Pods_AWS_SNS_Sample.framework */ = {isa = PBXFileReference; explicitFileType = wrapper.framework; includeInIndex = 0; path = Pods_AWS_SNS_Sample.framework; sourceTree = BUILT_PRODUCTS_DIR; };
		BF94E6771DF95E78001E3ABD /* AWS_SNS_Sample.app */ = {isa = PBXFileReference; explicitFileType = wrapper.application; includeInIndex = 0; path = AWS_SNS_Sample.app; sourceTree = BUILT_PRODUCTS_DIR; };
		BF94E67A1DF95E78001E3ABD /* AppDelegate.swift */ = {isa = PBXFileReference; lastKnownFileType = sourcecode.swift; path = AppDelegate.swift; sourceTree = "<group>"; };
		BF94E67C1DF95E78001E3ABD /* ViewController.swift */ = {isa = PBXFileReference; lastKnownFileType = sourcecode.swift; path = ViewController.swift; sourceTree = "<group>"; };
		BF94E67F1DF95E78001E3ABD /* Base */ = {isa = PBXFileReference; lastKnownFileType = file.storyboard; name = Base; path = Base.lproj/Main.storyboard; sourceTree = "<group>"; };
		BF94E6811DF95E78001E3ABD /* Assets.xcassets */ = {isa = PBXFileReference; lastKnownFileType = folder.assetcatalog; path = Assets.xcassets; sourceTree = "<group>"; };
		BF94E6841DF95E78001E3ABD /* Base */ = {isa = PBXFileReference; lastKnownFileType = file.storyboard; name = Base; path = Base.lproj/LaunchScreen.storyboard; sourceTree = "<group>"; };
		BF94E6861DF95E78001E3ABD /* Info.plist */ = {isa = PBXFileReference; lastKnownFileType = text.plist.xml; path = Info.plist; sourceTree = "<group>"; };
		BF94E68C1DF961CC001E3ABD /* AWS_SNS_Sample.entitlements */ = {isa = PBXFileReference; lastKnownFileType = text.plist.entitlements; path = AWS_SNS_Sample.entitlements; sourceTree = "<group>"; };
		D251A4D50D0E05E911F23C5B /* Pods-AWS_SNS_Sample.debug.xcconfig */ = {isa = PBXFileReference; includeInIndex = 1; lastKnownFileType = text.xcconfig; name = "Pods-AWS_SNS_Sample.debug.xcconfig"; path = "Pods/Target Support Files/Pods-AWS_SNS_Sample/Pods-AWS_SNS_Sample.debug.xcconfig"; sourceTree = "<group>"; };
		F04CF50A22B695E61D4AF51A /* Pods-AWS_SNS_Sample.release.xcconfig */ = {isa = PBXFileReference; includeInIndex = 1; lastKnownFileType = text.xcconfig; name = "Pods-AWS_SNS_Sample.release.xcconfig"; path = "Pods/Target Support Files/Pods-AWS_SNS_Sample/Pods-AWS_SNS_Sample.release.xcconfig"; sourceTree = "<group>"; };
/* End PBXFileReference section */

/* Begin PBXFrameworksBuildPhase section */
		BF94E6741DF95E78001E3ABD /* Frameworks */ = {
			isa = PBXFrameworksBuildPhase;
			buildActionMask = 2147483647;
			files = (
				F2E4E1558A6E07C5493034A4 /* Pods_AWS_SNS_Sample.framework in Frameworks */,
			);
			runOnlyForDeploymentPostprocessing = 0;
		};
/* End PBXFrameworksBuildPhase section */

/* Begin PBXGroup section */
		704F5948796F10296FC5FAFC /* Pods */ = {
			isa = PBXGroup;
			children = (
				D251A4D50D0E05E911F23C5B /* Pods-AWS_SNS_Sample.debug.xcconfig */,
				F04CF50A22B695E61D4AF51A /* Pods-AWS_SNS_Sample.release.xcconfig */,
			);
			name = Pods;
			sourceTree = "<group>";
		};
		A488C9270A62C331C1AB0590 /* Frameworks */ = {
			isa = PBXGroup;
			children = (
				0A4C28DF7D0A05B0BD469872 /* Pods_AWS_SNS_Sample.framework */,
			);
			name = Frameworks;
			sourceTree = "<group>";
		};
		BF94E66E1DF95E78001E3ABD = {
			isa = PBXGroup;
			children = (
				BF94E6791DF95E78001E3ABD /* AWS_SNS_Sample */,
				BF94E6781DF95E78001E3ABD /* Products */,
				704F5948796F10296FC5FAFC /* Pods */,
				A488C9270A62C331C1AB0590 /* Frameworks */,
			);
			sourceTree = "<group>";
		};
		BF94E6781DF95E78001E3ABD /* Products */ = {
			isa = PBXGroup;
			children = (
				BF94E6771DF95E78001E3ABD /* AWS_SNS_Sample.app */,
			);
			name = Products;
			sourceTree = "<group>";
		};
		BF94E6791DF95E78001E3ABD /* AWS_SNS_Sample */ = {
			isa = PBXGroup;
			children = (
				BF94E68C1DF961CC001E3ABD /* AWS_SNS_Sample.entitlements */,
				BF94E67A1DF95E78001E3ABD /* AppDelegate.swift */,
				BF94E67C1DF95E78001E3ABD /* ViewController.swift */,
				BF94E67E1DF95E78001E3ABD /* Main.storyboard */,
				BF94E6811DF95E78001E3ABD /* Assets.xcassets */,
				BF94E6831DF95E78001E3ABD /* LaunchScreen.storyboard */,
				BF94E6861DF95E78001E3ABD /* Info.plist */,
			);
			path = AWS_SNS_Sample;
			sourceTree = "<group>";
		};
/* End PBXGroup section */

/* Begin PBXNativeTarget section */
		BF94E6761DF95E78001E3ABD /* AWS_SNS_Sample */ = {
			isa = PBXNativeTarget;
			buildConfigurationList = BF94E6891DF95E78001E3ABD /* Build configuration list for PBXNativeTarget "AWS_SNS_Sample" */;
			buildPhases = (
				DD69999253BB4ABB3C5C9503 /* [CP] Check Pods Manifest.lock */,
				BF94E6731DF95E78001E3ABD /* Sources */,
				BF94E6741DF95E78001E3ABD /* Frameworks */,
				BF94E6751DF95E78001E3ABD /* Resources */,
				BA06BC59C6E02BD23C499690 /* [CP] Embed Pods Frameworks */,
				49749FA223C0AE6FAEE00152 /* [CP] Copy Pods Resources */,
			);
			buildRules = (
			);
			dependencies = (
			);
			name = AWS_SNS_Sample;
			productName = AWS_SNS_Sample;
			productReference = BF94E6771DF95E78001E3ABD /* AWS_SNS_Sample.app */;
			productType = "com.apple.product-type.application";
		};
/* End PBXNativeTarget section */

/* Begin PBXProject section */
		BF94E66F1DF95E78001E3ABD /* Project object */ = {
			isa = PBXProject;
			attributes = {
				LastSwiftUpdateCheck = 0810;
				LastUpgradeCheck = 0810;
				ORGANIZATIONNAME = "Ryoh Hashimoto";
				TargetAttributes = {
					BF94E6761DF95E78001E3ABD = {
						CreatedOnToolsVersion = 8.1;
						DevelopmentTeam = AJXGP38B7W;
						ProvisioningStyle = Automatic;
						SystemCapabilities = {
							com.apple.BackgroundModes = {
								enabled = 1;
							};
							com.apple.Push = {
								enabled = 1;
							};
						};
					};
				};
			};
			buildConfigurationList = BF94E6721DF95E78001E3ABD /* Build configuration list for PBXProject "AWS_SNS_Sample" */;
			compatibilityVersion = "Xcode 3.2";
			developmentRegion = English;
			hasScannedForEncodings = 0;
			knownRegions = (
				en,
				Base,
			);
			mainGroup = BF94E66E1DF95E78001E3ABD;
			productRefGroup = BF94E6781DF95E78001E3ABD /* Products */;
			projectDirPath = "";
			projectRoot = "";
			targets = (
				BF94E6761DF95E78001E3ABD /* AWS_SNS_Sample */,
			);
		};
/* End PBXProject section */

/* Begin PBXResourcesBuildPhase section */
		BF94E6751DF95E78001E3ABD /* Resources */ = {
			isa = PBXResourcesBuildPhase;
			buildActionMask = 2147483647;
			files = (
				BF94E6851DF95E78001E3ABD /* LaunchScreen.storyboard in Resources */,
				BF94E6821DF95E78001E3ABD /* Assets.xcassets in Resources */,
				BF94E6801DF95E78001E3ABD /* Main.storyboard in Resources */,
			);
			runOnlyForDeploymentPostprocessing = 0;
		};
/* End PBXResourcesBuildPhase section */

/* Begin PBXShellScriptBuildPhase section */
		49749FA223C0AE6FAEE00152 /* [CP] Copy Pods Resources */ = {
			isa = PBXShellScriptBuildPhase;
			buildActionMask = 2147483647;
			files = (
			);
			inputPaths = (
			);
			name = "[CP] Copy Pods Resources";
			outputPaths = (
			);
			runOnlyForDeploymentPostprocessing = 0;
			shellPath = /bin/sh;
			shellScript = "\"${SRCROOT}/Pods/Target Support Files/Pods-AWS_SNS_Sample/Pods-AWS_SNS_Sample-resources.sh\"\n";
			showEnvVarsInLog = 0;
		};
		BA06BC59C6E02BD23C499690 /* [CP] Embed Pods Frameworks */ = {
			isa = PBXShellScriptBuildPhase;
			buildActionMask = 2147483647;
			files = (
			);
			inputPaths = (
			);
			name = "[CP] Embed Pods Frameworks";
			outputPaths = (
			);
			runOnlyForDeploymentPostprocessing = 0;
			shellPath = /bin/sh;
			shellScript = "\"${SRCROOT}/Pods/Target Support Files/Pods-AWS_SNS_Sample/Pods-AWS_SNS_Sample-frameworks.sh\"\n";
			showEnvVarsInLog = 0;
		};
		DD69999253BB4ABB3C5C9503 /* [CP] Check Pods Manifest.lock */ = {
			isa = PBXShellScriptBuildPhase;
			buildActionMask = 2147483647;
			files = (
			);
			inputPaths = (
			);
			name = "[CP] Check Pods Manifest.lock";
			outputPaths = (
			);
			runOnlyForDeploymentPostprocessing = 0;
			shellPath = /bin/sh;
			shellScript = "diff \"${PODS_ROOT}/../Podfile.lock\" \"${PODS_ROOT}/Manifest.lock\" > /dev/null\nif [ $? != 0 ] ; then\n    # print error to STDERR\n    echo \"error: The sandbox is not in sync with the Podfile.lock. Run 'pod install' or update your CocoaPods installation.\" >&2\n    exit 1\nfi\n";
			showEnvVarsInLog = 0;
		};
/* End PBXShellScriptBuildPhase section */

/* Begin PBXSourcesBuildPhase section */
		BF94E6731DF95E78001E3ABD /* Sources */ = {
			isa = PBXSourcesBuildPhase;
			buildActionMask = 2147483647;
			files = (
				BF94E67D1DF95E78001E3ABD /* ViewController.swift in Sources */,
				BF94E67B1DF95E78001E3ABD /* AppDelegate.swift in Sources */,
			);
			runOnlyForDeploymentPostprocessing = 0;
		};
/* End PBXSourcesBuildPhase section */

/* Begin PBXVariantGroup section */
		BF94E67E1DF95E78001E3ABD /* Main.storyboard */ = {
			isa = PBXVariantGroup;
			children = (
				BF94E67F1DF95E78001E3ABD /* Base */,
			);
			name = Main.storyboard;
			sourceTree = "<group>";
		};
		BF94E6831DF95E78001E3ABD /* LaunchScreen.storyboard */ = {
			isa = PBXVariantGroup;
			children = (
				BF94E6841DF95E78001E3ABD /* Base */,
			);
			name = LaunchScreen.storyboard;
			sourceTree = "<group>";
		};
/* End PBXVariantGroup section */

/* Begin XCBuildConfiguration section */
		BF94E6871DF95E78001E3ABD /* Debug */ = {
			isa = XCBuildConfiguration;
			buildSettings = {
				ALWAYS_SEARCH_USER_PATHS = NO;
				CLANG_ANALYZER_NONNULL = YES;
				CLANG_CXX_LANGUAGE_STANDARD = "gnu++0x";
				CLANG_CXX_LIBRARY = "libc++";
				CLANG_ENABLE_MODULES = YES;
				CLANG_ENABLE_OBJC_ARC = YES;
				CLANG_WARN_BOOL_CONVERSION = YES;
				CLANG_WARN_CONSTANT_CONVERSION = YES;
				CLANG_WARN_DIRECT_OBJC_ISA_USAGE = YES_ERROR;
				CLANG_WARN_DOCUMENTATION_COMMENTS = YES;
				CLANG_WARN_EMPTY_BODY = YES;
				CLANG_WARN_ENUM_CONVERSION = YES;
				CLANG_WARN_INFINITE_RECURSION = YES;
				CLANG_WARN_INT_CONVERSION = YES;
				CLANG_WARN_OBJC_ROOT_CLASS = YES_ERROR;
				CLANG_WARN_SUSPICIOUS_MOVES = YES;
				CLANG_WARN_UNREACHABLE_CODE = YES;
				CLANG_WARN__DUPLICATE_METHOD_MATCH = YES;
				"CODE_SIGN_IDENTITY[sdk=iphoneos*]" = "iPhone Developer";
				COPY_PHASE_STRIP = NO;
				DEBUG_INFORMATION_FORMAT = dwarf;
				ENABLE_STRICT_OBJC_MSGSEND = YES;
				ENABLE_TESTABILITY = YES;
				GCC_C_LANGUAGE_STANDARD = gnu99;
				GCC_DYNAMIC_NO_PIC = NO;
				GCC_NO_COMMON_BLOCKS = YES;
				GCC_OPTIMIZATION_LEVEL = 0;
				GCC_PREPROCESSOR_DEFINITIONS = (
					"DEBUG=1",
					"$(inherited)",
				);
				GCC_WARN_64_TO_32_BIT_CONVERSION = YES;
				GCC_WARN_ABOUT_RETURN_TYPE = YES_ERROR;
				GCC_WARN_UNDECLARED_SELECTOR = YES;
				GCC_WARN_UNINITIALIZED_AUTOS = YES_AGGRESSIVE;
				GCC_WARN_UNUSED_FUNCTION = YES;
				GCC_WARN_UNUSED_VARIABLE = YES;
				IPHONEOS_DEPLOYMENT_TARGET = 10.1;
				MTL_ENABLE_DEBUG_INFO = YES;
				ONLY_ACTIVE_ARCH = YES;
				SDKROOT = iphoneos;
				SWIFT_ACTIVE_COMPILATION_CONDITIONS = DEBUG;
				SWIFT_OPTIMIZATION_LEVEL = "-Onone";
				TARGETED_DEVICE_FAMILY = "1,2";
			};
			name = Debug;
		};
		BF94E6881DF95E78001E3ABD /* Release */ = {
			isa = XCBuildConfiguration;
			buildSettings = {
				ALWAYS_SEARCH_USER_PATHS = NO;
				CLANG_ANALYZER_NONNULL = YES;
				CLANG_CXX_LANGUAGE_STANDARD = "gnu++0x";
				CLANG_CXX_LIBRARY = "libc++";
				CLANG_ENABLE_MODULES = YES;
				CLANG_ENABLE_OBJC_ARC = YES;
				CLANG_WARN_BOOL_CONVERSION = YES;
				CLANG_WARN_CONSTANT_CONVERSION = YES;
				CLANG_WARN_DIRECT_OBJC_ISA_USAGE = YES_ERROR;
				CLANG_WARN_DOCUMENTATION_COMMENTS = YES;
				CLANG_WARN_EMPTY_BODY = YES;
				CLANG_WARN_ENUM_CONVERSION = YES;
				CLANG_WARN_INFINITE_RECURSION = YES;
				CLANG_WARN_INT_CONVERSION = YES;
				CLANG_WARN_OBJC_ROOT_CLASS = YES_ERROR;
				CLANG_WARN_SUSPICIOUS_MOVES = YES;
				CLANG_WARN_UNREACHABLE_CODE = YES;
				CLANG_WARN__DUPLICATE_METHOD_MATCH = YES;
				"CODE_SIGN_IDENTITY[sdk=iphoneos*]" = "iPhone Developer";
				COPY_PHASE_STRIP = NO;
				DEBUG_INFORMATION_FORMAT = "dwarf-with-dsym";
				ENABLE_NS_ASSERTIONS = NO;
				ENABLE_STRICT_OBJC_MSGSEND = YES;
				GCC_C_LANGUAGE_STANDARD = gnu99;
				GCC_NO_COMMON_BLOCKS = YES;
				GCC_WARN_64_TO_32_BIT_CONVERSION = YES;
				GCC_WARN_ABOUT_RETURN_TYPE = YES_ERROR;
				GCC_WARN_UNDECLARED_SELECTOR = YES;
				GCC_WARN_UNINITIALIZED_AUTOS = YES_AGGRESSIVE;
				GCC_WARN_UNUSED_FUNCTION = YES;
				GCC_WARN_UNUSED_VARIABLE = YES;
				IPHONEOS_DEPLOYMENT_TARGET = 10.1;
				MTL_ENABLE_DEBUG_INFO = NO;
				SDKROOT = iphoneos;
				SWIFT_OPTIMIZATION_LEVEL = "-Owholemodule";
				TARGETED_DEVICE_FAMILY = "1,2";
				VALIDATE_PRODUCT = YES;
			};
			name = Release;
		};
		BF94E68A1DF95E78001E3ABD /* Debug */ = {
			isa = XCBuildConfiguration;
			baseConfigurationReference = D251A4D50D0E05E911F23C5B /* Pods-AWS_SNS_Sample.debug.xcconfig */;
			buildSettings = {
				ASSETCATALOG_COMPILER_APPICON_NAME = AppIcon;
				CODE_SIGN_ENTITLEMENTS = AWS_SNS_Sample/AWS_SNS_Sample.entitlements;
				DEVELOPMENT_TEAM = AJXGP38B7W;
				INFOPLIST_FILE = AWS_SNS_Sample/Info.plist;
				LD_RUNPATH_SEARCH_PATHS = "$(inherited) @executable_path/Frameworks";
				PRODUCT_BUNDLE_IDENTIFIER = "com.hashimotoryoh.sample.AWS-SNS-Sample";
				PRODUCT_NAME = "$(TARGET_NAME)";
				SWIFT_VERSION = 3.0;
			};
			name = Debug;
		};
		BF94E68B1DF95E78001E3ABD /* Release */ = {
			isa = XCBuildConfiguration;
			baseConfigurationReference = F04CF50A22B695E61D4AF51A /* Pods-AWS_SNS_Sample.release.xcconfig */;
			buildSettings = {
				ASSETCATALOG_COMPILER_APPICON_NAME = AppIcon;
				CODE_SIGN_ENTITLEMENTS = AWS_SNS_Sample/AWS_SNS_Sample.entitlements;
				DEVELOPMENT_TEAM = AJXGP38B7W;
				INFOPLIST_FILE = AWS_SNS_Sample/Info.plist;
				LD_RUNPATH_SEARCH_PATHS = "$(inherited) @executable_path/Frameworks";
				PRODUCT_BUNDLE_IDENTIFIER = "com.hashimotoryoh.sample.AWS-SNS-Sample";
				PRODUCT_NAME = "$(TARGET_NAME)";
				SWIFT_VERSION = 3.0;
			};
			name = Release;
		};
/* End XCBuildConfiguration section */

/* Begin XCConfigurationList section */
		BF94E6721DF95E78001E3ABD /* Build configuration list for PBXProject "AWS_SNS_Sample" */ = {
			isa = XCConfigurationList;
			buildConfigurations = (
				BF94E6871DF95E78001E3ABD /* Debug */,
				BF94E6881DF95E78001E3ABD /* Release */,
			);
			defaultConfigurationIsVisible = 0;
			defaultConfigurationName = Release;
		};
		BF94E6891DF95E78001E3ABD /* Build configuration list for PBXNativeTarget "AWS_SNS_Sample" */ = {
			isa = XCConfigurationList;
			buildConfigurations = (
				BF94E68A1DF95E78001E3ABD /* Debug */,
				BF94E68B1DF95E78001E3ABD /* Release */,
			);
			defaultConfigurationIsVisible = 0;
			defaultConfigurationName = Release;
		};
/* End XCConfigurationList section */
	};
	rootObject = BF94E66F1DF95E78001E3ABD /* Project object */;
}
